
Microsoft Visual Studio Solution File, Format Version 12.00
# Visual Studio Version 16
VisualStudioVersion = 16.0.32126.315
MinimumVisualStudioVersion = 10.0.40219.1
Project("{FAE04EC0-301F-11D3-BF4B-00C04F79EFBC}") = "parsingEnums", "parsingEnums\parsingEnums.csproj", "{10B0A8ED-423F-4D78-8631-D6AB6DFE2282}"
EndProject
Global
	GlobalSection(SolutionConfigurationPlatforms) = preSolution
		Debug|Any CPU = Debug|Any CPU
		Release|Any CPU = Release|Any CPU
	EndGlobalSection
	GlobalSection(ProjectConfigurationPlatforms) = postSolution
		{10B0A8ED-423F-4D78-8631-D6AB6DFE2282}.Debug|Any CPU.ActiveCfg = Debug|Any CPU
		{10B0A8ED-423F-4D78-8631-D6AB6DFE2282}.Debug|Any CPU.Build.0 = Debug|Any CPU
		{10B0A8ED-423F-4D78-8631-D6AB6DFE2282}.Release|Any CPU.ActiveCfg = Release|Any CPU
		{10B0A8ED-423F-4D78-8631-D6AB6DFE2282}.Release|Any CPU.Build.0 = Release|Any CPU
	EndGlobalSection
	GlobalSection(SolutionProperties) = preSolution
		HideSolutionNode = FALSE
	EndGlobalSection
	GlobalSection(ExtensibilityGlobals) = postSolution
		SolutionGuid = {9BCD12B3-1401-42D4-9379-BDD3E1283EE5}
	EndGlobalSection
EndGlobal
