
Microsoft Visual Studio Solution File, Format Version 12.00
# Visual Studio Version 16
VisualStudioVersion = 16.0.32126.315
MinimumVisualStudioVersion = 10.0.40219.1
Project("{FAE04EC0-301F-11D3-BF4B-00C04F79EFBC}") = "myTest1", "myTest1\myTest1.csproj", "{A6A5E8ED-85C8-4B03-9E04-28A871314756}"
EndProject
Global
	GlobalSection(SolutionConfigurationPlatforms) = preSolution
		Debug|Any CPU = Debug|Any CPU
		Release|Any CPU = Release|Any CPU
	EndGlobalSection
	GlobalSection(ProjectConfigurationPlatforms) = postSolution
		{A6A5E8ED-85C8-4B03-9E04-28A871314756}.Debug|Any CPU.ActiveCfg = Debug|Any CPU
		{A6A5E8ED-85C8-4B03-9E04-28A871314756}.Debug|Any CPU.Build.0 = Debug|Any CPU
		{A6A5E8ED-85C8-4B03-9E04-28A871314756}.Release|Any CPU.ActiveCfg = Release|Any CPU
		{A6A5E8ED-85C8-4B03-9E04-28A871314756}.Release|Any CPU.Build.0 = Release|Any CPU
	EndGlobalSection
	GlobalSection(SolutionProperties) = preSolution
		HideSolutionNode = FALSE
	EndGlobalSection
	GlobalSection(ExtensibilityGlobals) = postSolution
		SolutionGuid = {203EE8BB-D72E-4EDF-9916-D55D8D8E31D3}
	EndGlobalSection
EndGlobal
