
Microsoft Visual Studio Solution File, Format Version 12.00
# Visual Studio Version 16
VisualStudioVersion = 16.0.32126.315
MinimumVisualStudioVersion = 10.0.40219.1
Project("{FAE04EC0-301F-11D3-BF4B-00C04F79EFBC}") = "MainMethod", "MainMethod\MainMethod.csproj", "{25BBB08E-0399-467C-8C40-6C93612D13BB}"
EndProject
Global
	GlobalSection(SolutionConfigurationPlatforms) = preSolution
		Debug|Any CPU = Debug|Any CPU
		Release|Any CPU = Release|Any CPU
	EndGlobalSection
	GlobalSection(ProjectConfigurationPlatforms) = postSolution
		{25BBB08E-0399-467C-8C40-6C93612D13BB}.Debug|Any CPU.ActiveCfg = Debug|Any CPU
		{25BBB08E-0399-467C-8C40-6C93612D13BB}.Debug|Any CPU.Build.0 = Debug|Any CPU
		{25BBB08E-0399-467C-8C40-6C93612D13BB}.Release|Any CPU.ActiveCfg = Release|Any CPU
		{25BBB08E-0399-467C-8C40-6C93612D13BB}.Release|Any CPU.Build.0 = Release|Any CPU
	EndGlobalSection
	GlobalSection(SolutionProperties) = preSolution
		HideSolutionNode = FALSE
	EndGlobalSection
	GlobalSection(ExtensibilityGlobals) = postSolution
		SolutionGuid = {899ECCDB-DCDA-47E5-84C5-081C4AEE90F1}
	EndGlobalSection
EndGlobal
