
Microsoft Visual Studio Solution File, Format Version 12.00
# Visual Studio Version 16
VisualStudioVersion = 16.0.32126.315
MinimumVisualStudioVersion = 10.0.40219.1
Project("{FAE04EC0-301F-11D3-BF4B-00C04F79EFBC}") = "AbstractClass", "AbstractClass\AbstractClass.csproj", "{858BD2DC-CBDA-49C6-8219-AD4542CF37CC}"
EndProject
Global
	GlobalSection(SolutionConfigurationPlatforms) = preSolution
		Debug|Any CPU = Debug|Any CPU
		Release|Any CPU = Release|Any CPU
	EndGlobalSection
	GlobalSection(ProjectConfigurationPlatforms) = postSolution
		{858BD2DC-CBDA-49C6-8219-AD4542CF37CC}.Debug|Any CPU.ActiveCfg = Debug|Any CPU
		{858BD2DC-CBDA-49C6-8219-AD4542CF37CC}.Debug|Any CPU.Build.0 = Debug|Any CPU
		{858BD2DC-CBDA-49C6-8219-AD4542CF37CC}.Release|Any CPU.ActiveCfg = Release|Any CPU
		{858BD2DC-CBDA-49C6-8219-AD4542CF37CC}.Release|Any CPU.Build.0 = Release|Any CPU
	EndGlobalSection
	GlobalSection(SolutionProperties) = preSolution
		HideSolutionNode = FALSE
	EndGlobalSection
	GlobalSection(ExtensibilityGlobals) = postSolution
		SolutionGuid = {918CA1E8-B8F1-4A16-AA7A-0D279367A355}
	EndGlobalSection
EndGlobal
